
Microsoft Visual Studio Solution File, Format Version 12.00
# Visual Studio Version 16
VisualStudioVersion = 16.0.31025.194
MinimumVisualStudioVersion = 10.0.40219.1
Project("{FAE04EC0-301F-11D3-BF4B-00C04F79EFBC}") = "ShoppingCartVisitor", "ShoppingCartVisitor\ShoppingCartVisitor.csproj", "{7A949CDC-D950-4951-9870-7D7C7C59DE00}"
EndProject
Global
	GlobalSection(SolutionConfigurationPlatforms) = preSolution
		Debug|Any CPU = Debug|Any CPU
		Release|Any CPU = Release|Any CPU
	EndGlobalSection
	GlobalSection(ProjectConfigurationPlatforms) = postSolution
		{7A949CDC-D950-4951-9870-7D7C7C59DE00}.Debug|Any CPU.ActiveCfg = Debug|Any CPU
		{7A949CDC-D950-4951-9870-7D7C7C59DE00}.Debug|Any CPU.Build.0 = Debug|Any CPU
		{7A949CDC-D950-4951-9870-7D7C7C59DE00}.Release|Any CPU.ActiveCfg = Release|Any CPU
		{7A949CDC-D950-4951-9870-7D7C7C59DE00}.Release|Any CPU.Build.0 = Release|Any CPU
	EndGlobalSection
	GlobalSection(SolutionProperties) = preSolution
		HideSolutionNode = FALSE
	EndGlobalSection
	GlobalSection(ExtensibilityGlobals) = postSolution
		SolutionGuid = {0B41BDD7-0B7A-4E9D-AF5C-754303335990}
	EndGlobalSection
EndGlobal
